// !$*UTF8*$!
{
	archiveVersion = 1;
	classes = {
	};
	objectVersion = 50;
	objects = {

/* Begin PBXBuildFile section */
		04094D5F22C5BAF500D201AC /* ARBasic.swift in Sources */ = {isa = PBXBuildFile; fileRef = 04094D5E22C5BAF500D201AC /* ARBasic.swift */; };
		04094D8122C5C2B700D201AC /* LoadDae.swift in Sources */ = {isa = PBXBuildFile; fileRef = 04094D8022C5C2B700D201AC /* LoadDae.swift */; };
		04094D8322C5C34500D201AC /* PlaneTrack.swift in Sources */ = {isa = PBXBuildFile; fileRef = 04094D8222C5C34500D201AC /* PlaneTrack.swift */; };
		04094D8622C5C3BC00D201AC /* baozi.jpg in Resources */ = {isa = PBXBuildFile; fileRef = 04094D8422C5C3BC00D201AC /* baozi.jpg */; };
		04094D8722C5C3BC00D201AC /* baozi.dae in Resources */ = {isa = PBXBuildFile; fileRef = 04094D8522C5C3BC00D201AC /* baozi.dae */; };
		04094D8922C5E11300D201AC /* ImageTrack.swift in Sources */ = {isa = PBXBuildFile; fileRef = 04094D8822C5E11300D201AC /* ImageTrack.swift */; };
		04CAA2B722C5B39E008866E8 /* AppDelegate.swift in Sources */ = {isa = PBXBuildFile; fileRef = 04CAA2B622C5B39E008866E8 /* AppDelegate.swift */; };
		04CAA2B922C5B39E008866E8 /* SceneDelegate.swift in Sources */ = {isa = PBXBuildFile; fileRef = 04CAA2B822C5B39E008866E8 /* SceneDelegate.swift */; };
		04CAA2BB22C5B39E008866E8 /* ViewController.swift in Sources */ = {isa = PBXBuildFile; fileRef = 04CAA2BA22C5B39E008866E8 /* ViewController.swift */; };
		04CAA2BE22C5B39E008866E8 /* Main.storyboard in Resources */ = {isa = PBXBuildFile; fileRef = 04CAA2BC22C5B39E008866E8 /* Main.storyboard */; };
		04CAA2C022C5B3A0008866E8 /* Assets.xcassets in Resources */ = {isa = PBXBuildFile; fileRef = 04CAA2BF22C5B3A0008866E8 /* Assets.xcassets */; };
		04CAA2C322C5B3A0008866E8 /* LaunchScreen.storyboard in Resources */ = {isa = PBXBuildFile; fileRef = 04CAA2C122C5B3A0008866E8 /* LaunchScreen.storyboard */; };
		04CAA33022C5B429008866E8 /* ARBasicVC.swift in Sources */ = {isa = PBXBuildFile; fileRef = 04CAA32E22C5B429008866E8 /* ARBasicVC.swift */; };
		04CAA33322C5B458008866E8 /* art.scnassets in Resources */ = {isa = PBXBuildFile; fileRef = 04CAA33222C5B458008866E8 /* art.scnassets */; };
/* End PBXBuildFile section */

/* Begin PBXFileReference section */
		04094D5E22C5BAF500D201AC /* ARBasic.swift */ = {isa = PBXFileReference; lastKnownFileType = sourcecode.swift; path = ARBasic.swift; sourceTree = "<group>"; };
		04094D8022C5C2B700D201AC /* LoadDae.swift */ = {isa = PBXFileReference; lastKnownFileType = sourcecode.swift; path = LoadDae.swift; sourceTree = "<group>"; };
		04094D8222C5C34500D201AC /* PlaneTrack.swift */ = {isa = PBXFileReference; lastKnownFileType = sourcecode.swift; path = PlaneTrack.swift; sourceTree = "<group>"; };
		04094D8422C5C3BC00D201AC /* baozi.jpg */ = {isa = PBXFileReference; lastKnownFileType = image.jpeg; path = baozi.jpg; sourceTree = "<group>"; };
		04094D8522C5C3BC00D201AC /* baozi.dae */ = {isa = PBXFileReference; fileEncoding = 4; lastKnownFileType = text.xml.dae; path = baozi.dae; sourceTree = "<group>"; };
		04094D8822C5E11300D201AC /* ImageTrack.swift */ = {isa = PBXFileReference; lastKnownFileType = sourcecode.swift; path = ImageTrack.swift; sourceTree = "<group>"; };
		04CAA2B322C5B39E008866E8 /* DevelopAR.app */ = {isa = PBXFileReference; explicitFileType = wrapper.application; includeInIndex = 0; path = DevelopAR.app; sourceTree = BUILT_PRODUCTS_DIR; };
		04CAA2B622C5B39E008866E8 /* AppDelegate.swift */ = {isa = PBXFileReference; lastKnownFileType = sourcecode.swift; path = AppDelegate.swift; sourceTree = "<group>"; };
		04CAA2B822C5B39E008866E8 /* SceneDelegate.swift */ = {isa = PBXFileReference; lastKnownFileType = sourcecode.swift; path = SceneDelegate.swift; sourceTree = "<group>"; };
		04CAA2BA22C5B39E008866E8 /* ViewController.swift */ = {isa = PBXFileReference; lastKnownFileType = sourcecode.swift; path = ViewController.swift; sourceTree = "<group>"; };
		04CAA2BD22C5B39E008866E8 /* Base */ = {isa = PBXFileReference; lastKnownFileType = file.storyboard; name = Base; path = Base.lproj/Main.storyboard; sourceTree = "<group>"; };
		04CAA2BF22C5B3A0008866E8 /* Assets.xcassets */ = {isa = PBXFileReference; lastKnownFileType = folder.assetcatalog; path = Assets.xcassets; sourceTree = "<group>"; };
		04CAA2C222C5B3A0008866E8 /* Base */ = {isa = PBXFileReference; lastKnownFileType = file.storyboard; name = Base; path = Base.lproj/LaunchScreen.storyboard; sourceTree = "<group>"; };
		04CAA2C422C5B3A0008866E8 /* Info.plist */ = {isa = PBXFileReference; lastKnownFileType = text.plist.xml; path = Info.plist; sourceTree = "<group>"; };
		04CAA32E22C5B429008866E8 /* ARBasicVC.swift */ = {isa = PBXFileReference; lastKnownFileType = sourcecode.swift; path = ARBasicVC.swift; sourceTree = "<group>"; };
		04CAA33222C5B458008866E8 /* art.scnassets */ = {isa = PBXFileReference; lastKnownFileType = wrapper.scnassets; path = art.scnassets; sourceTree = "<group>"; };
/* End PBXFileReference section */

/* Begin PBXFrameworksBuildPhase section */
		04CAA2B022C5B39E008866E8 /* Frameworks */ = {
			isa = PBXFrameworksBuildPhase;
			buildActionMask = 2147483647;
			files = (
			);
			runOnlyForDeploymentPostprocessing = 0;
		};
/* End PBXFrameworksBuildPhase section */

/* Begin PBXGroup section */
		04CAA2AA22C5B39E008866E8 = {
			isa = PBXGroup;
			children = (
				04CAA2B522C5B39E008866E8 /* DevelopAR */,
				04CAA2B422C5B39E008866E8 /* Products */,
			);
			sourceTree = "<group>";
		};
		04CAA2B422C5B39E008866E8 /* Products */ = {
			isa = PBXGroup;
			children = (
				04CAA2B322C5B39E008866E8 /* DevelopAR.app */,
			);
			name = Products;
			sourceTree = "<group>";
		};
		04CAA2B522C5B39E008866E8 /* DevelopAR */ = {
			isa = PBXGroup;
			children = (
				04CAA2EE22C5B40C008866E8 /* 初始ARKit */,
				04CAA30022C5B40C008866E8 /* 加载dae模型文件 */,
				04CAA2CC22C5B40C008866E8 /* 平面识别 */,
				04CAA2DD22C5B40C008866E8 /* 图片识别 */,
				04CAA2CB22C5B40C008866E8 /* 物体识别 */,
				04CAA2B622C5B39E008866E8 /* AppDelegate.swift */,
				04CAA2B822C5B39E008866E8 /* SceneDelegate.swift */,
				04CAA2BA22C5B39E008866E8 /* ViewController.swift */,
				04CAA32E22C5B429008866E8 /* ARBasicVC.swift */,
				04CAA2BC22C5B39E008866E8 /* Main.storyboard */,
				04CAA33222C5B458008866E8 /* art.scnassets */,
				04CAA2BF22C5B3A0008866E8 /* Assets.xcassets */,
				04CAA2C122C5B3A0008866E8 /* LaunchScreen.storyboard */,
				04CAA2C422C5B3A0008866E8 /* Info.plist */,
			);
			path = DevelopAR;
			sourceTree = "<group>";
		};
		04CAA2CB22C5B40C008866E8 /* 物体识别 */ = {
			isa = PBXGroup;
			children = (
			);
			path = "物体识别";
			sourceTree = "<group>";
		};
		04CAA2CC22C5B40C008866E8 /* 平面识别 */ = {
			isa = PBXGroup;
			children = (
				04094D8222C5C34500D201AC /* PlaneTrack.swift */,
			);
			path = "平面识别";
			sourceTree = "<group>";
		};
		04CAA2DD22C5B40C008866E8 /* 图片识别 */ = {
			isa = PBXGroup;
			children = (
				04094D8822C5E11300D201AC /* ImageTrack.swift */,
			);
			path = "图片识别";
			sourceTree = "<group>";
		};
		04CAA2EE22C5B40C008866E8 /* 初始ARKit */ = {
			isa = PBXGroup;
			children = (
				04094D5E22C5BAF500D201AC /* ARBasic.swift */,
			);
			path = "初始ARKit";
			sourceTree = "<group>";
		};
		04CAA30022C5B40C008866E8 /* 加载dae模型文件 */ = {
			isa = PBXGroup;
			children = (
				04094D8522C5C3BC00D201AC /* baozi.dae */,
				04094D8422C5C3BC00D201AC /* baozi.jpg */,
				04094D8022C5C2B700D201AC /* LoadDae.swift */,
			);
			path = "加载dae模型文件";
			sourceTree = "<group>";
		};
/* End PBXGroup section */

/* Begin PBXNativeTarget section */
		04CAA2B222C5B39E008866E8 /* DevelopAR */ = {
			isa = PBXNativeTarget;
			buildConfigurationList = 04CAA2C722C5B3A0008866E8 /* Build configuration list for PBXNativeTarget "DevelopAR" */;
			buildPhases = (
				04CAA2AF22C5B39E008866E8 /* Sources */,
				04CAA2B022C5B39E008866E8 /* Frameworks */,
				04CAA2B122C5B39E008866E8 /* Resources */,
			);
			buildRules = (
			);
			dependencies = (
			);
			name = DevelopAR;
			productName = DevelopAR;
			productReference = 04CAA2B322C5B39E008866E8 /* DevelopAR.app */;
			productType = "com.apple.product-type.application";
		};
/* End PBXNativeTarget section */

/* Begin PBXProject section */
		04CAA2AB22C5B39E008866E8 /* Project object */ = {
			isa = PBXProject;
			attributes = {
				LastSwiftUpdateCheck = 1100;
				LastUpgradeCheck = 1100;
				ORGANIZATIONNAME = Ht;
				TargetAttributes = {
					04CAA2B222C5B39E008866E8 = {
						CreatedOnToolsVersion = 11.0;
					};
				};
			};
			buildConfigurationList = 04CAA2AE22C5B39E008866E8 /* Build configuration list for PBXProject "DevelopAR" */;
			compatibilityVersion = "Xcode 9.3";
			developmentRegion = en;
			hasScannedForEncodings = 0;
			knownRegions = (
				en,
				Base,
			);
			mainGroup = 04CAA2AA22C5B39E008866E8;
			productRefGroup = 04CAA2B422C5B39E008866E8 /* Products */;
			projectDirPath = "";
			projectRoot = "";
			targets = (
				04CAA2B222C5B39E008866E8 /* DevelopAR */,
			);
		};
/* End PBXProject section */

/* Begin PBXResourcesBuildPhase section */
		04CAA2B122C5B39E008866E8 /* Resources */ = {
			isa = PBXResourcesBuildPhase;
			buildActionMask = 2147483647;
			files = (
				04094D8722C5C3BC00D201AC /* baozi.dae in Resources */,
				04CAA33322C5B458008866E8 /* art.scnassets in Resources */,
				04CAA2C322C5B3A0008866E8 /* LaunchScreen.storyboard in Resources */,
				04CAA2C022C5B3A0008866E8 /* Assets.xcassets in Resources */,
				04CAA2BE22C5B39E008866E8 /* Main.storyboard in Resources */,
				04094D8622C5C3BC00D201AC /* baozi.jpg in Resources */,
			);
			runOnlyForDeploymentPostprocessing = 0;
		};
/* End PBXResourcesBuildPhase section */

/* Begin PBXSourcesBuildPhase section */
		04CAA2AF22C5B39E008866E8 /* Sources */ = {
			isa = PBXSourcesBuildPhase;
			buildActionMask = 2147483647;
			files = (
				04094D8322C5C34500D201AC /* PlaneTrack.swift in Sources */,
				04CAA33022C5B429008866E8 /* ARBasicVC.swift in Sources */,
				04CAA2BB22C5B39E008866E8 /* ViewController.swift in Sources */,
				04094D8922C5E11300D201AC /* ImageTrack.swift in Sources */,
				04094D8122C5C2B700D201AC /* LoadDae.swift in Sources */,
				04094D5F22C5BAF500D201AC /* ARBasic.swift in Sources */,
				04CAA2B722C5B39E008866E8 /* AppDelegate.swift in Sources */,
				04CAA2B922C5B39E008866E8 /* SceneDelegate.swift in Sources */,
			);
			runOnlyForDeploymentPostprocessing = 0;
		};
/* End PBXSourcesBuildPhase section */

/* Begin PBXVariantGroup section */
		04CAA2BC22C5B39E008866E8 /* Main.storyboard */ = {
			isa = PBXVariantGroup;
			children = (
				04CAA2BD22C5B39E008866E8 /* Base */,
			);
			name = Main.storyboard;
			sourceTree = "<group>";
		};
		04CAA2C122C5B3A0008866E8 /* LaunchScreen.storyboard */ = {
			isa = PBXVariantGroup;
			children = (
				04CAA2C222C5B3A0008866E8 /* Base */,
			);
			name = LaunchScreen.storyboard;
			sourceTree = "<group>";
		};
/* End PBXVariantGroup section */

/* Begin XCBuildConfiguration section */
		04CAA2C522C5B3A0008866E8 /* Debug */ = {
			isa = XCBuildConfiguration;
			buildSettings = {
				ALWAYS_SEARCH_USER_PATHS = NO;
				CLANG_ANALYZER_NONNULL = YES;
				CLANG_ANALYZER_NUMBER_OBJECT_CONVERSION = YES_AGGRESSIVE;
				CLANG_CXX_LANGUAGE_STANDARD = "gnu++14";
				CLANG_CXX_LIBRARY = "libc++";
				CLANG_ENABLE_MODULES = YES;
				CLANG_ENABLE_OBJC_ARC = YES;
				CLANG_ENABLE_OBJC_WEAK = YES;
				CLANG_WARN_BLOCK_CAPTURE_AUTORELEASING = YES;
				CLANG_WARN_BOOL_CONVERSION = YES;
				CLANG_WARN_COMMA = YES;
				CLANG_WARN_CONSTANT_CONVERSION = YES;
				CLANG_WARN_DEPRECATED_OBJC_IMPLEMENTATIONS = YES;
				CLANG_WARN_DIRECT_OBJC_ISA_USAGE = YES_ERROR;
				CLANG_WARN_DOCUMENTATION_COMMENTS = YES;
				CLANG_WARN_EMPTY_BODY = YES;
				CLANG_WARN_ENUM_CONVERSION = YES;
				CLANG_WARN_INFINITE_RECURSION = YES;
				CLANG_WARN_INT_CONVERSION = YES;
				CLANG_WARN_NON_LITERAL_NULL_CONVERSION = YES;
				CLANG_WARN_OBJC_IMPLICIT_RETAIN_SELF = YES;
				CLANG_WARN_OBJC_LITERAL_CONVERSION = YES;
				CLANG_WARN_OBJC_ROOT_CLASS = YES_ERROR;
				CLANG_WARN_RANGE_LOOP_ANALYSIS = YES;
				CLANG_WARN_STRICT_PROTOTYPES = YES;
				CLANG_WARN_SUSPICIOUS_MOVE = YES;
				CLANG_WARN_UNGUARDED_AVAILABILITY = YES_AGGRESSIVE;
				CLANG_WARN_UNREACHABLE_CODE = YES;
				CLANG_WARN__DUPLICATE_METHOD_MATCH = YES;
				COPY_PHASE_STRIP = NO;
				DEBUG_INFORMATION_FORMAT = dwarf;
				ENABLE_STRICT_OBJC_MSGSEND = YES;
				ENABLE_TESTABILITY = YES;
				GCC_C_LANGUAGE_STANDARD = gnu11;
				GCC_DYNAMIC_NO_PIC = NO;
				GCC_NO_COMMON_BLOCKS = YES;
				GCC_OPTIMIZATION_LEVEL = 0;
				GCC_PREPROCESSOR_DEFINITIONS = (
					"DEBUG=1",
					"$(inherited)",
				);
				GCC_WARN_64_TO_32_BIT_CONVERSION = YES;
				GCC_WARN_ABOUT_RETURN_TYPE = YES_ERROR;
				GCC_WARN_UNDECLARED_SELECTOR = YES;
				GCC_WARN_UNINITIALIZED_AUTOS = YES_AGGRESSIVE;
				GCC_WARN_UNUSED_FUNCTION = YES;
				GCC_WARN_UNUSED_VARIABLE = YES;
				IPHONEOS_DEPLOYMENT_TARGET = 13.0;
				MTL_ENABLE_DEBUG_INFO = INCLUDE_SOURCE;
				MTL_FAST_MATH = YES;
				ONLY_ACTIVE_ARCH = YES;
				SDKROOT = iphoneos;
				SWIFT_ACTIVE_COMPILATION_CONDITIONS = DEBUG;
				SWIFT_OPTIMIZATION_LEVEL = "-Onone";
			};
			name = Debug;
		};
		04CAA2C622C5B3A0008866E8 /* Release */ = {
			isa = XCBuildConfiguration;
			buildSettings = {
				ALWAYS_SEARCH_USER_PATHS = NO;
				CLANG_ANALYZER_NONNULL = YES;
				CLANG_ANALYZER_NUMBER_OBJECT_CONVERSION = YES_AGGRESSIVE;
				CLANG_CXX_LANGUAGE_STANDARD = "gnu++14";
				CLANG_CXX_LIBRARY = "libc++";
				CLANG_ENABLE_MODULES = YES;
				CLANG_ENABLE_OBJC_ARC = YES;
				CLANG_ENABLE_OBJC_WEAK = YES;
				CLANG_WARN_BLOCK_CAPTURE_AUTORELEASING = YES;
				CLANG_WARN_BOOL_CONVERSION = YES;
				CLANG_WARN_COMMA = YES;
				CLANG_WARN_CONSTANT_CONVERSION = YES;
				CLANG_WARN_DEPRECATED_OBJC_IMPLEMENTATIONS = YES;
				CLANG_WARN_DIRECT_OBJC_ISA_USAGE = YES_ERROR;
				CLANG_WARN_DOCUMENTATION_COMMENTS = YES;
				CLANG_WARN_EMPTY_BODY = YES;
				CLANG_WARN_ENUM_CONVERSION = YES;
				CLANG_WARN_INFINITE_RECURSION = YES;
				CLANG_WARN_INT_CONVERSION = YES;
				CLANG_WARN_NON_LITERAL_NULL_CONVERSION = YES;
				CLANG_WARN_OBJC_IMPLICIT_RETAIN_SELF = YES;
				CLANG_WARN_OBJC_LITERAL_CONVERSION = YES;
				CLANG_WARN_OBJC_ROOT_CLASS = YES_ERROR;
				CLANG_WARN_RANGE_LOOP_ANALYSIS = YES;
				CLANG_WARN_STRICT_PROTOTYPES = YES;
				CLANG_WARN_SUSPICIOUS_MOVE = YES;
				CLANG_WARN_UNGUARDED_AVAILABILITY = YES_AGGRESSIVE;
				CLANG_WARN_UNREACHABLE_CODE = YES;
				CLANG_WARN__DUPLICATE_METHOD_MATCH = YES;
				COPY_PHASE_STRIP = NO;
				DEBUG_INFORMATION_FORMAT = "dwarf-with-dsym";
				ENABLE_NS_ASSERTIONS = NO;
				ENABLE_STRICT_OBJC_MSGSEND = YES;
				GCC_C_LANGUAGE_STANDARD = gnu11;
				GCC_NO_COMMON_BLOCKS = YES;
				GCC_WARN_64_TO_32_BIT_CONVERSION = YES;
				GCC_WARN_ABOUT_RETURN_TYPE = YES_ERROR;
				GCC_WARN_UNDECLARED_SELECTOR = YES;
				GCC_WARN_UNINITIALIZED_AUTOS = YES_AGGRESSIVE;
				GCC_WARN_UNUSED_FUNCTION = YES;
				GCC_WARN_UNUSED_VARIABLE = YES;
				IPHONEOS_DEPLOYMENT_TARGET = 13.0;
				MTL_ENABLE_DEBUG_INFO = NO;
				MTL_FAST_MATH = YES;
				SDKROOT = iphoneos;
				SWIFT_COMPILATION_MODE = wholemodule;
				SWIFT_OPTIMIZATION_LEVEL = "-O";
				VALIDATE_PRODUCT = YES;
			};
			name = Release;
		};
		04CAA2C822C5B3A0008866E8 /* Debug */ = {
			isa = XCBuildConfiguration;
			buildSettings = {
				ASSETCATALOG_COMPILER_APPICON_NAME = AppIcon;
				CODE_SIGN_STYLE = Automatic;
				DEVELOPMENT_TEAM = 85C366UKGF;
				INFOPLIST_FILE = DevelopAR/Info.plist;
				LD_RUNPATH_SEARCH_PATHS = (
					"$(inherited)",
					"@executable_path/Frameworks",
				);
				PRODUCT_BUNDLE_IDENTIFIER = Ht.DevelopAR;
				PRODUCT_NAME = "$(TARGET_NAME)";
				SWIFT_VERSION = 5.0;
				TARGETED_DEVICE_FAMILY = "1,2";
			};
			name = Debug;
		};
		04CAA2C922C5B3A0008866E8 /* Release */ = {
			isa = XCBuildConfiguration;
			buildSettings = {
				ASSETCATALOG_COMPILER_APPICON_NAME = AppIcon;
				CODE_SIGN_STYLE = Automatic;
				DEVELOPMENT_TEAM = 85C366UKGF;
				INFOPLIST_FILE = DevelopAR/Info.plist;
				LD_RUNPATH_SEARCH_PATHS = (
					"$(inherited)",
					"@executable_path/Frameworks",
				);
				PRODUCT_BUNDLE_IDENTIFIER = Ht.DevelopAR;
				PRODUCT_NAME = "$(TARGET_NAME)";
				SWIFT_VERSION = 5.0;
				TARGETED_DEVICE_FAMILY = "1,2";
			};
			name = Release;
		};
/* End XCBuildConfiguration section */

/* Begin XCConfigurationList section */
		04CAA2AE22C5B39E008866E8 /* Build configuration list for PBXProject "DevelopAR" */ = {
			isa = XCConfigurationList;
			buildConfigurations = (
				04CAA2C522C5B3A0008866E8 /* Debug */,
				04CAA2C622C5B3A0008866E8 /* Release */,
			);
			defaultConfigurationIsVisible = 0;
			defaultConfigurationName = Release;
		};
		04CAA2C722C5B3A0008866E8 /* Build configuration list for PBXNativeTarget "DevelopAR" */ = {
			isa = XCConfigurationList;
			buildConfigurations = (
				04CAA2C822C5B3A0008866E8 /* Debug */,
				04CAA2C922C5B3A0008866E8 /* Release */,
			);
			defaultConfigurationIsVisible = 0;
			defaultConfigurationName = Release;
		};
/* End XCConfigurationList section */
	};
	rootObject = 04CAA2AB22C5B39E008866E8 /* Project object */;
}
